
Microsoft Visual Studio Solution File, Format Version 12.00
# Visual Studio Version 16
VisualStudioVersion = 16.0.29613.14
MinimumVisualStudioVersion = 10.0.40219.1
Project("{9A19103F-16F7-4668-BE54-9A1E7A4F7556}") = "Road-Map-Web-API", "Road-Map-Web-API\Road-Map-Web-API.csproj", "{A0EAEF5A-9240-4AE2-B70D-F3A6E3E2234D}"
EndProject
Project("{9A19103F-16F7-4668-BE54-9A1E7A4F7556}") = "RoadMap_DB", "..\RoadMap_DB\RoadMap_DB.csproj", "{C8B202AC-A3BB-4CC9-B01D-AC1145B4A024}"
EndProject
Global
	GlobalSection(SolutionConfigurationPlatforms) = preSolution
		Debug|Any CPU = Debug|Any CPU
		Release|Any CPU = Release|Any CPU
	EndGlobalSection
	GlobalSection(ProjectConfigurationPlatforms) = postSolution
		{A0EAEF5A-9240-4AE2-B70D-F3A6E3E2234D}.Debug|Any CPU.ActiveCfg = Debug|Any CPU
		{A0EAEF5A-9240-4AE2-B70D-F3A6E3E2234D}.Debug|Any CPU.Build.0 = Debug|Any CPU
		{A0EAEF5A-9240-4AE2-B70D-F3A6E3E2234D}.Release|Any CPU.ActiveCfg = Release|Any CPU
		{A0EAEF5A-9240-4AE2-B70D-F3A6E3E2234D}.Release|Any CPU.Build.0 = Release|Any CPU
		{C8B202AC-A3BB-4CC9-B01D-AC1145B4A024}.Debug|Any CPU.ActiveCfg = Debug|Any CPU
		{C8B202AC-A3BB-4CC9-B01D-AC1145B4A024}.Debug|Any CPU.Build.0 = Debug|Any CPU
		{C8B202AC-A3BB-4CC9-B01D-AC1145B4A024}.Release|Any CPU.ActiveCfg = Release|Any CPU
		{C8B202AC-A3BB-4CC9-B01D-AC1145B4A024}.Release|Any CPU.Build.0 = Release|Any CPU
	EndGlobalSection
	GlobalSection(SolutionProperties) = preSolution
		HideSolutionNode = FALSE
	EndGlobalSection
	GlobalSection(ExtensibilityGlobals) = postSolution
		SolutionGuid = {6113FC76-D550-4309-A96C-8FD0F9B21582}
	EndGlobalSection
EndGlobal
